
Microsoft Visual Studio Solution File, Format Version 12.00
# Visual Studio Version 16
VisualStudioVersion = 16.0.28922.388
MinimumVisualStudioVersion = 10.0.40219.1
Project("{FAE04EC0-301F-11D3-BF4B-00C04F79EFBC}") = "HexSqlCLR", "HexSqlCLR\HexSqlCLR.csproj", "{332C4E7E-668C-4380-A29C-A96BCCB14862}"
EndProject
Global
	GlobalSection(SolutionConfigurationPlatforms) = preSolution
		Debug|Any CPU = Debug|Any CPU
		Release|Any CPU = Release|Any CPU
	EndGlobalSection
	GlobalSection(ProjectConfigurationPlatforms) = postSolution
		{332C4E7E-668C-4380-A29C-A96BCCB14862}.Debug|Any CPU.ActiveCfg = Debug|Any CPU
		{332C4E7E-668C-4380-A29C-A96BCCB14862}.Debug|Any CPU.Build.0 = Debug|Any CPU
		{332C4E7E-668C-4380-A29C-A96BCCB14862}.Release|Any CPU.ActiveCfg = Release|Any CPU
		{332C4E7E-668C-4380-A29C-A96BCCB14862}.Release|Any CPU.Build.0 = Release|Any CPU
	EndGlobalSection
	GlobalSection(SolutionProperties) = preSolution
		HideSolutionNode = FALSE
	EndGlobalSection
	GlobalSection(ExtensibilityGlobals) = postSolution
		SolutionGuid = {F37A8AF9-2937-4AE4-94F3-614C0A12120F}
	EndGlobalSection
EndGlobal
